// !$*UTF8*$!
{
	archiveVersion = 1;
	classes = {
	};
	objectVersion = 77;
	objects = {

/* Begin PBXBuildFile section */
		5B27EE4A5F534790A118BA33 /* NotificationViewController.swift in Sources */ = {isa = PBXBuildFile; fileRef = 76124E7C741E4028A87AE4EF /* NotificationViewController.swift */; };
		5BA4D3262F9571D300E863C2 /* Products.storekit in Resources */ = {isa = PBXBuildFile; fileRef = 5BA4D3252F9571D300E863C2 /* Products.storekit */; };
		5BBB83C62F952014003B1E0B /* WidgetKit.framework in Frameworks */ = {isa = PBXBuildFile; fileRef = 5BBB83C52F952014003B1E0B /* WidgetKit.framework */; };
		5BBB83C82F952014003B1E0B /* SwiftUI.framework in Frameworks */ = {isa = PBXBuildFile; fileRef = 5BBB83C72F952014003B1E0B /* SwiftUI.framework */; };
		5BBB83D92F952016003B1E0B /* LifeTrackControlWidgetExtension.appex in Embed App Extensions */ = {isa = PBXBuildFile; fileRef = 5BBB83C32F952014003B1E0B /* LifeTrackControlWidgetExtension.appex */; settings = {ATTRIBUTES = (RemoveHeadersOnCopy, ); }; };
		5EA0B00000000000000000F0 /* ShareViewController.swift in Sources */ = {isa = PBXBuildFile; fileRef = 5EA0A00000000000000000E1 /* ShareViewController.swift */; };
		5EA0B00000000000000000F1 /* SharedInboxPayload.swift in Sources */ = {isa = PBXBuildFile; fileRef = 5EA0A00000000000000000E2 /* SharedInboxPayload.swift */; };
		5EA0B00000000000000000F2 /* SharedInboxPayload.swift in Sources */ = {isa = PBXBuildFile; fileRef = 5EA0A00000000000000000E2 /* SharedInboxPayload.swift */; };
		5EA0B00000000000000000F3 /* LifeTrackShareExtension.appex in Embed App Extensions */ = {isa = PBXBuildFile; fileRef = 5EA0A00000000000000000E0 /* LifeTrackShareExtension.appex */; settings = {ATTRIBUTES = (RemoveHeadersOnCopy, ); }; };
		5EA0B00000000000000000F4 /* LifeTrackShareTheme.swift in Sources */ = {isa = PBXBuildFile; fileRef = 5EA0A00000000000000000E5 /* LifeTrackShareTheme.swift */; };
		5EA0B00000000000000000F5 /* ShareSheetView.swift in Sources */ = {isa = PBXBuildFile; fileRef = 5EA0A00000000000000000E6 /* ShareSheetView.swift */; };
		987C15AE045B4251AA6EF384 /* LifeTrackReminderNotificationView.swift in Sources */ = {isa = PBXBuildFile; fileRef = E20C197A37A04E7482CE77B7 /* LifeTrackReminderNotificationView.swift */; };
		C3BC15F4831D459D843E29EA /* LifeTrackNotificationContentExtension.appex in Embed App Extensions */ = {isa = PBXBuildFile; fileRef = 983DB111F429489ABB1A88C2 /* LifeTrackNotificationContentExtension.appex */; settings = {ATTRIBUTES = (RemoveHeadersOnCopy, ); }; };
/* End PBXBuildFile section */

/* Begin PBXContainerItemProxy section */
		5BA3D3962F938AC100929A9A /* PBXContainerItemProxy */ = {
			isa = PBXContainerItemProxy;
			containerPortal = 5BA3D37E2F938ABF00929A9A /* Project object */;
			proxyType = 1;
			remoteGlobalIDString = 5BA3D3852F938ABF00929A9A;
			remoteInfo = LifeTrack;
		};
		5BA3D3A02F938AC100929A9A /* PBXContainerItemProxy */ = {
			isa = PBXContainerItemProxy;
			containerPortal = 5BA3D37E2F938ABF00929A9A /* Project object */;
			proxyType = 1;
			remoteGlobalIDString = 5BA3D3852F938ABF00929A9A;
			remoteInfo = LifeTrack;
		};
		5BBB83D72F952016003B1E0B /* PBXContainerItemProxy */ = {
			isa = PBXContainerItemProxy;
			containerPortal = 5BA3D37E2F938ABF00929A9A /* Project object */;
			proxyType = 1;
			remoteGlobalIDString = 5BBB83C22F952014003B1E0B;
			remoteInfo = LifeTrackControlWidgetExtension;
		};
		5EA0C0000000000000000105 /* PBXContainerItemProxy */ = {
			isa = PBXContainerItemProxy;
			containerPortal = 5BA3D37E2F938ABF00929A9A /* Project object */;
			proxyType = 1;
			remoteGlobalIDString = 5EA0C0000000000000000104;
			remoteInfo = LifeTrackShareExtension;
		};
		AE1E1159853A4132B0384822 /* PBXContainerItemProxy */ = {
			isa = PBXContainerItemProxy;
			containerPortal = 5BA3D37E2F938ABF00929A9A /* Project object */;
			proxyType = 1;
			remoteGlobalIDString = F00F6D0C8F48418983FD1820;
			remoteInfo = LifeTrackNotificationContentExtension;
		};
/* End PBXContainerItemProxy section */

/* Begin PBXCopyFilesBuildPhase section */
		D91E0D1CB37D4EBAA3A85AF2 /* Embed App Extensions */ = {
			isa = PBXCopyFilesBuildPhase;
			buildActionMask = 2147483647;
			dstPath = "";
			dstSubfolderSpec = 13;
			files = (
				5BBB83D92F952016003B1E0B /* LifeTrackControlWidgetExtension.appex in Embed App Extensions */,
				C3BC15F4831D459D843E29EA /* LifeTrackNotificationContentExtension.appex in Embed App Extensions */,
				5EA0B00000000000000000F3 /* LifeTrackShareExtension.appex in Embed App Extensions */,
			);
			name = "Embed App Extensions";
			runOnlyForDeploymentPostprocessing = 0;
		};
/* End PBXCopyFilesBuildPhase section */

/* Begin PBXFileReference section */
		5BA3D3862F938ABF00929A9A /* LifeTrack.app */ = {isa = PBXFileReference; explicitFileType = wrapper.application; includeInIndex = 0; path = LifeTrack.app; sourceTree = BUILT_PRODUCTS_DIR; };
		5BA3D3952F938AC100929A9A /* LifeTrackTests.xctest */ = {isa = PBXFileReference; explicitFileType = wrapper.cfbundle; includeInIndex = 0; path = LifeTrackTests.xctest; sourceTree = BUILT_PRODUCTS_DIR; };
		5BA3D39F2F938AC100929A9A /* LifeTrackUITests.xctest */ = {isa = PBXFileReference; explicitFileType = wrapper.cfbundle; includeInIndex = 0; path = LifeTrackUITests.xctest; sourceTree = BUILT_PRODUCTS_DIR; };
		5BA4D3252F9571D300E863C2 /* Products.storekit */ = {isa = PBXFileReference; lastKnownFileType = text; path = Products.storekit; sourceTree = "<group>"; };
		5BBB83C32F952014003B1E0B /* LifeTrackControlWidgetExtension.appex */ = {isa = PBXFileReference; explicitFileType = "wrapper.app-extension"; includeInIndex = 0; path = LifeTrackControlWidgetExtension.appex; sourceTree = BUILT_PRODUCTS_DIR; };
		5BBB83C52F952014003B1E0B /* WidgetKit.framework */ = {isa = PBXFileReference; lastKnownFileType = wrapper.framework; name = WidgetKit.framework; path = System/Library/Frameworks/WidgetKit.framework; sourceTree = SDKROOT; };
		5BBB83C72F952014003B1E0B /* SwiftUI.framework */ = {isa = PBXFileReference; lastKnownFileType = wrapper.framework; name = SwiftUI.framework; path = System/Library/Frameworks/SwiftUI.framework; sourceTree = SDKROOT; };
		5BBB83DE2F952295003B1E0B /* LifeTrackControlWidgetExtension.entitlements */ = {isa = PBXFileReference; lastKnownFileType = text.plist.entitlements; path = LifeTrackControlWidgetExtension.entitlements; sourceTree = "<group>"; };
		5EA0A00000000000000000E0 /* LifeTrackShareExtension.appex */ = {isa = PBXFileReference; explicitFileType = "wrapper.app-extension"; includeInIndex = 0; path = LifeTrackShareExtension.appex; sourceTree = BUILT_PRODUCTS_DIR; };
		5EA0A00000000000000000E1 /* ShareViewController.swift */ = {isa = PBXFileReference; lastKnownFileType = sourcecode.swift; path = ShareViewController.swift; sourceTree = "<group>"; };
		5EA0A00000000000000000E2 /* SharedInboxPayload.swift */ = {isa = PBXFileReference; lastKnownFileType = sourcecode.swift; path = SharedInboxPayload.swift; sourceTree = "<group>"; };
		5EA0A00000000000000000E3 /* Info.plist */ = {isa = PBXFileReference; lastKnownFileType = text.plist.xml; path = Info.plist; sourceTree = "<group>"; };
		5EA0A00000000000000000E4 /* LifeTrackShareExtension.entitlements */ = {isa = PBXFileReference; lastKnownFileType = text.plist.entitlements; path = LifeTrackShareExtension.entitlements; sourceTree = "<group>"; };
		5EA0A00000000000000000E5 /* LifeTrackShareTheme.swift */ = {isa = PBXFileReference; lastKnownFileType = sourcecode.swift; path = LifeTrackShareTheme.swift; sourceTree = "<group>"; };
		5EA0A00000000000000000E6 /* ShareSheetView.swift */ = {isa = PBXFileReference; lastKnownFileType = sourcecode.swift; path = ShareSheetView.swift; sourceTree = "<group>"; };
		76124E7C741E4028A87AE4EF /* NotificationViewController.swift */ = {isa = PBXFileReference; lastKnownFileType = sourcecode.swift; path = NotificationViewController.swift; sourceTree = "<group>"; };
		983DB111F429489ABB1A88C2 /* LifeTrackNotificationContentExtension.appex */ = {isa = PBXFileReference; explicitFileType = "wrapper.app-extension"; includeInIndex = 0; path = LifeTrackNotificationContentExtension.appex; sourceTree = BUILT_PRODUCTS_DIR; };
		C3CBFF25FAFC42BEA7F37B8F /* Info.plist */ = {isa = PBXFileReference; lastKnownFileType = text.plist.xml; path = Info.plist; sourceTree = "<group>"; };
		E20C197A37A04E7482CE77B7 /* LifeTrackReminderNotificationView.swift */ = {isa = PBXFileReference; lastKnownFileType = sourcecode.swift; path = LifeTrackReminderNotificationView.swift; sourceTree = "<group>"; };
/* End PBXFileReference section */

/* Begin PBXFileSystemSynchronizedBuildFileExceptionSet section */
		5BBB83DA2F952016003B1E0B /* Exceptions for "LifeTrackControlWidget" folder in "LifeTrackControlWidgetExtension" target */ = {
			isa = PBXFileSystemSynchronizedBuildFileExceptionSet;
			membershipExceptions = (
				Info.plist,
			);
			target = 5BBB83C22F952014003B1E0B /* LifeTrackControlWidgetExtension */;
		};
/* End PBXFileSystemSynchronizedBuildFileExceptionSet section */

/* Begin PBXFileSystemSynchronizedRootGroup section */
		5BA3D3882F938ABF00929A9A /* LifeTrack */ = {
			isa = PBXFileSystemSynchronizedRootGroup;
			path = LifeTrack;
			sourceTree = "<group>";
		};
		5BA3D3982F938AC100929A9A /* LifeTrackTests */ = {
			isa = PBXFileSystemSynchronizedRootGroup;
			path = LifeTrackTests;
			sourceTree = "<group>";
		};
		5BA3D3A22F938AC100929A9A /* LifeTrackUITests */ = {
			isa = PBXFileSystemSynchronizedRootGroup;
			path = LifeTrackUITests;
			sourceTree = "<group>";
		};
		5BBB83C92F952014003B1E0B /* LifeTrackControlWidget */ = {
			isa = PBXFileSystemSynchronizedRootGroup;
			exceptions = (
				5BBB83DA2F952016003B1E0B /* Exceptions for "LifeTrackControlWidget" folder in "LifeTrackControlWidgetExtension" target */,
			);
			path = LifeTrackControlWidget;
			sourceTree = "<group>";
		};
/* End PBXFileSystemSynchronizedRootGroup section */

/* Begin PBXFrameworksBuildPhase section */
		5BA3D3832F938ABF00929A9A /* Frameworks */ = {
			isa = PBXFrameworksBuildPhase;
			buildActionMask = 2147483647;
			files = (
			);
			runOnlyForDeploymentPostprocessing = 0;
		};
		5BA3D3922F938AC100929A9A /* Frameworks */ = {
			isa = PBXFrameworksBuildPhase;
			buildActionMask = 2147483647;
			files = (
			);
			runOnlyForDeploymentPostprocessing = 0;
		};
		5BA3D39C2F938AC100929A9A /* Frameworks */ = {
			isa = PBXFrameworksBuildPhase;
			buildActionMask = 2147483647;
			files = (
			);
			runOnlyForDeploymentPostprocessing = 0;
		};
		5BBB83C02F952014003B1E0B /* Frameworks */ = {
			isa = PBXFrameworksBuildPhase;
			buildActionMask = 2147483647;
			files = (
				5BBB83C82F952014003B1E0B /* SwiftUI.framework in Frameworks */,
				5BBB83C62F952014003B1E0B /* WidgetKit.framework in Frameworks */,
			);
			runOnlyForDeploymentPostprocessing = 0;
		};
		5EA0C0000000000000000102 /* Frameworks */ = {
			isa = PBXFrameworksBuildPhase;
			buildActionMask = 2147483647;
			files = (
			);
			runOnlyForDeploymentPostprocessing = 0;
		};
		F7D906727F8D4FD8980FD8CF /* Frameworks */ = {
			isa = PBXFrameworksBuildPhase;
			buildActionMask = 2147483647;
			files = (
			);
			runOnlyForDeploymentPostprocessing = 0;
		};
/* End PBXFrameworksBuildPhase section */

/* Begin PBXGroup section */
		29B39D107D994F84ACEEE81B /* LifeTrackNotificationContentExtension */ = {
			isa = PBXGroup;
			children = (
				C3CBFF25FAFC42BEA7F37B8F /* Info.plist */,
				76124E7C741E4028A87AE4EF /* NotificationViewController.swift */,
				E20C197A37A04E7482CE77B7 /* LifeTrackReminderNotificationView.swift */,
			);
			path = LifeTrackNotificationContentExtension;
			sourceTree = "<group>";
		};
		5BA3D37D2F938ABF00929A9A = {
			isa = PBXGroup;
			children = (
				5BA4D3252F9571D300E863C2 /* Products.storekit */,
				5BBB83DE2F952295003B1E0B /* LifeTrackControlWidgetExtension.entitlements */,
				5BA3D3882F938ABF00929A9A /* LifeTrack */,
				29B39D107D994F84ACEEE81B /* LifeTrackNotificationContentExtension */,
				5EA0C0000000000000000100 /* LifeTrackShareExtension */,
				5BA3D3982F938AC100929A9A /* LifeTrackTests */,
				5BA3D3A22F938AC100929A9A /* LifeTrackUITests */,
				5BBB83C92F952014003B1E0B /* LifeTrackControlWidget */,
				5BBB83C42F952014003B1E0B /* Frameworks */,
				5BA3D3872F938ABF00929A9A /* Products */,
			);
			sourceTree = "<group>";
		};
		5BA3D3872F938ABF00929A9A /* Products */ = {
			isa = PBXGroup;
			children = (
				5BA3D3862F938ABF00929A9A /* LifeTrack.app */,
				983DB111F429489ABB1A88C2 /* LifeTrackNotificationContentExtension.appex */,
				5EA0A00000000000000000E0 /* LifeTrackShareExtension.appex */,
				5BA3D3952F938AC100929A9A /* LifeTrackTests.xctest */,
				5BA3D39F2F938AC100929A9A /* LifeTrackUITests.xctest */,
				5BBB83C32F952014003B1E0B /* LifeTrackControlWidgetExtension.appex */,
			);
			name = Products;
			sourceTree = "<group>";
		};
		5BBB83C42F952014003B1E0B /* Frameworks */ = {
			isa = PBXGroup;
			children = (
				5BBB83C52F952014003B1E0B /* WidgetKit.framework */,
				5BBB83C72F952014003B1E0B /* SwiftUI.framework */,
			);
			name = Frameworks;
			sourceTree = "<group>";
		};
		5EA0C0000000000000000100 /* LifeTrackShareExtension */ = {
			isa = PBXGroup;
			children = (
				5EA0A00000000000000000E3 /* Info.plist */,
				5EA0A00000000000000000E4 /* LifeTrackShareExtension.entitlements */,
				5EA0A00000000000000000E1 /* ShareViewController.swift */,
				5EA0A00000000000000000E5 /* LifeTrackShareTheme.swift */,
				5EA0A00000000000000000E6 /* ShareSheetView.swift */,
				5EA0A00000000000000000E2 /* SharedInboxPayload.swift */,
			);
			path = LifeTrackShareExtension;
			sourceTree = "<group>";
		};
/* End PBXGroup section */

/* Begin PBXNativeTarget section */
		5BA3D3852F938ABF00929A9A /* LifeTrack */ = {
			isa = PBXNativeTarget;
			buildConfigurationList = 5BA3D3A92F938AC100929A9A /* Build configuration list for PBXNativeTarget "LifeTrack" */;
			buildPhases = (
				5BA3D3822F938ABF00929A9A /* Sources */,
				5BA3D3832F938ABF00929A9A /* Frameworks */,
				5BA3D3842F938ABF00929A9A /* Resources */,
				D91E0D1CB37D4EBAA3A85AF2 /* Embed App Extensions */,
			);
			buildRules = (
			);
			dependencies = (
				E373C28E4E7C410FBF2B378A /* PBXTargetDependency */,
				5EA0C0000000000000000106 /* PBXTargetDependency */,
				5BBB83D82F952016003B1E0B /* PBXTargetDependency */,
			);
			fileSystemSynchronizedGroups = (
				5BA3D3882F938ABF00929A9A /* LifeTrack */,
			);
			name = LifeTrack;
			packageProductDependencies = (
			);
			productName = LifeTrack;
			productReference = 5BA3D3862F938ABF00929A9A /* LifeTrack.app */;
			productType = "com.apple.product-type.application";
		};
		5BA3D3942F938AC100929A9A /* LifeTrackTests */ = {
			isa = PBXNativeTarget;
			buildConfigurationList = 5BA3D3AC2F938AC100929A9A /* Build configuration list for PBXNativeTarget "LifeTrackTests" */;
			buildPhases = (
				5BA3D3912F938AC100929A9A /* Sources */,
				5BA3D3922F938AC100929A9A /* Frameworks */,
				5BA3D3932F938AC100929A9A /* Resources */,
			);
			buildRules = (
			);
			dependencies = (
				5BA3D3972F938AC100929A9A /* PBXTargetDependency */,
			);
			fileSystemSynchronizedGroups = (
				5BA3D3982F938AC100929A9A /* LifeTrackTests */,
			);
			name = LifeTrackTests;
			packageProductDependencies = (
			);
			productName = LifeTrackTests;
			productReference = 5BA3D3952F938AC100929A9A /* LifeTrackTests.xctest */;
			productType = "com.apple.product-type.bundle.unit-test";
		};
		5BA3D39E2F938AC100929A9A /* LifeTrackUITests */ = {
			isa = PBXNativeTarget;
			buildConfigurationList = 5BA3D3AF2F938AC100929A9A /* Build configuration list for PBXNativeTarget "LifeTrackUITests" */;
			buildPhases = (
				5BA3D39B2F938AC100929A9A /* Sources */,
				5BA3D39C2F938AC100929A9A /* Frameworks */,
				5BA3D39D2F938AC100929A9A /* Resources */,
			);
			buildRules = (
			);
			dependencies = (
				5BA3D3A12F938AC100929A9A /* PBXTargetDependency */,
			);
			fileSystemSynchronizedGroups = (
				5BA3D3A22F938AC100929A9A /* LifeTrackUITests */,
			);
			name = LifeTrackUITests;
			packageProductDependencies = (
			);
			productName = LifeTrackUITests;
			productReference = 5BA3D39F2F938AC100929A9A /* LifeTrackUITests.xctest */;
			productType = "com.apple.product-type.bundle.ui-testing";
		};
		5BBB83C22F952014003B1E0B /* LifeTrackControlWidgetExtension */ = {
			isa = PBXNativeTarget;
			buildConfigurationList = 5BBB83DB2F952016003B1E0B /* Build configuration list for PBXNativeTarget "LifeTrackControlWidgetExtension" */;
			buildPhases = (
				5BBB83BF2F952014003B1E0B /* Sources */,
				5BBB83C02F952014003B1E0B /* Frameworks */,
				5BBB83C12F952014003B1E0B /* Resources */,
			);
			buildRules = (
			);
			dependencies = (
			);
			fileSystemSynchronizedGroups = (
				5BBB83C92F952014003B1E0B /* LifeTrackControlWidget */,
			);
			name = LifeTrackControlWidgetExtension;
			packageProductDependencies = (
			);
			productName = LifeTrackControlWidgetExtension;
			productReference = 5BBB83C32F952014003B1E0B /* LifeTrackControlWidgetExtension.appex */;
			productType = "com.apple.product-type.app-extension";
		};
		5EA0C0000000000000000104 /* LifeTrackShareExtension */ = {
			isa = PBXNativeTarget;
			buildConfigurationList = 5EA0C0000000000000000109 /* Build configuration list for PBXNativeTarget "LifeTrackShareExtension" */;
			buildPhases = (
				5EA0C0000000000000000101 /* Sources */,
				5EA0C0000000000000000102 /* Frameworks */,
				5EA0C0000000000000000103 /* Resources */,
			);
			buildRules = (
			);
			dependencies = (
			);
			name = LifeTrackShareExtension;
			packageProductDependencies = (
			);
			productName = LifeTrackShareExtension;
			productReference = 5EA0A00000000000000000E0 /* LifeTrackShareExtension.appex */;
			productType = "com.apple.product-type.app-extension";
		};
		F00F6D0C8F48418983FD1820 /* LifeTrackNotificationContentExtension */ = {
			isa = PBXNativeTarget;
			buildConfigurationList = A56E92B9CD1C49C2A82DFEF2 /* Build configuration list for PBXNativeTarget "LifeTrackNotificationContentExtension" */;
			buildPhases = (
				93B835712D2F4E029E57D956 /* Sources */,
				F7D906727F8D4FD8980FD8CF /* Frameworks */,
				A48162C3FFB84494BE348DF8 /* Resources */,
			);
			buildRules = (
			);
			dependencies = (
			);
			name = LifeTrackNotificationContentExtension;
			packageProductDependencies = (
			);
			productName = LifeTrackNotificationContentExtension;
			productReference = 983DB111F429489ABB1A88C2 /* LifeTrackNotificationContentExtension.appex */;
			productType = "com.apple.product-type.app-extension";
		};
/* End PBXNativeTarget section */

/* Begin PBXProject section */
		5BA3D37E2F938ABF00929A9A /* Project object */ = {
			isa = PBXProject;
			attributes = {
				BuildIndependentTargetsInParallel = 1;
				LastSwiftUpdateCheck = 2620;
				LastUpgradeCheck = 2620;
				TargetAttributes = {
					5BA3D3852F938ABF00929A9A = {
						CreatedOnToolsVersion = 26.2;
					};
					5BA3D3942F938AC100929A9A = {
						CreatedOnToolsVersion = 26.2;
						TestTargetID = 5BA3D3852F938ABF00929A9A;
					};
					5BA3D39E2F938AC100929A9A = {
						CreatedOnToolsVersion = 26.2;
						TestTargetID = 5BA3D3852F938ABF00929A9A;
					};
					5BBB83C22F952014003B1E0B = {
						CreatedOnToolsVersion = 26.2;
					};
					5EA0C0000000000000000104 = {
						CreatedOnToolsVersion = 26.2;
					};
					F00F6D0C8F48418983FD1820 = {
						CreatedOnToolsVersion = 26.2;
					};
				};
			};
			buildConfigurationList = 5BA3D3812F938ABF00929A9A /* Build configuration list for PBXProject "LifeTrack" */;
			developmentRegion = en;
			hasScannedForEncodings = 0;
			knownRegions = (
				en,
				Base,
			);
			mainGroup = 5BA3D37D2F938ABF00929A9A;
			minimizedProjectReferenceProxies = 1;
			preferredProjectObjectVersion = 77;
			productRefGroup = 5BA3D3872F938ABF00929A9A /* Products */;
			projectDirPath = "";
			projectRoot = "";
			targets = (
				5BA3D3852F938ABF00929A9A /* LifeTrack */,
				F00F6D0C8F48418983FD1820 /* LifeTrackNotificationContentExtension */,
				5EA0C0000000000000000104 /* LifeTrackShareExtension */,
				5BA3D3942F938AC100929A9A /* LifeTrackTests */,
				5BA3D39E2F938AC100929A9A /* LifeTrackUITests */,
				5BBB83C22F952014003B1E0B /* LifeTrackControlWidgetExtension */,
			);
		};
/* End PBXProject section */

/* Begin PBXResourcesBuildPhase section */
		5BA3D3842F938ABF00929A9A /* Resources */ = {
			isa = PBXResourcesBuildPhase;
			buildActionMask = 2147483647;
			files = (
				5BA4D3262F9571D300E863C2 /* Products.storekit in Resources */,
			);
			runOnlyForDeploymentPostprocessing = 0;
		};
		5BA3D3932F938AC100929A9A /* Resources */ = {
			isa = PBXResourcesBuildPhase;
			buildActionMask = 2147483647;
			files = (
			);
			runOnlyForDeploymentPostprocessing = 0;
		};
		5BA3D39D2F938AC100929A9A /* Resources */ = {
			isa = PBXResourcesBuildPhase;
			buildActionMask = 2147483647;
			files = (
			);
			runOnlyForDeploymentPostprocessing = 0;
		};
		5BBB83C12F952014003B1E0B /* Resources */ = {
			isa = PBXResourcesBuildPhase;
			buildActionMask = 2147483647;
			files = (
			);
			runOnlyForDeploymentPostprocessing = 0;
		};
		5EA0C0000000000000000103 /* Resources */ = {
			isa = PBXResourcesBuildPhase;
			buildActionMask = 2147483647;
			files = (
			);
			runOnlyForDeploymentPostprocessing = 0;
		};
		A48162C3FFB84494BE348DF8 /* Resources */ = {
			isa = PBXResourcesBuildPhase;
			buildActionMask = 2147483647;
			files = (
			);
			runOnlyForDeploymentPostprocessing = 0;
		};
/* End PBXResourcesBuildPhase section */

/* Begin PBXSourcesBuildPhase section */
		5BA3D3822F938ABF00929A9A /* Sources */ = {
			isa = PBXSourcesBuildPhase;
			buildActionMask = 2147483647;
			files = (
				5EA0B00000000000000000F2 /* SharedInboxPayload.swift in Sources */,
			);
			runOnlyForDeploymentPostprocessing = 0;
		};
		5BA3D3912F938AC100929A9A /* Sources */ = {
			isa = PBXSourcesBuildPhase;
			buildActionMask = 2147483647;
			files = (
			);
			runOnlyForDeploymentPostprocessing = 0;
		};
		5BA3D39B2F938AC100929A9A /* Sources */ = {
			isa = PBXSourcesBuildPhase;
			buildActionMask = 2147483647;
			files = (
			);
			runOnlyForDeploymentPostprocessing = 0;
		};
		5BBB83BF2F952014003B1E0B /* Sources */ = {
			isa = PBXSourcesBuildPhase;
			buildActionMask = 2147483647;
			files = (
			);
			runOnlyForDeploymentPostprocessing = 0;
		};
		5EA0C0000000000000000101 /* Sources */ = {
			isa = PBXSourcesBuildPhase;
			buildActionMask = 2147483647;
			files = (
				5EA0B00000000000000000F0 /* ShareViewController.swift in Sources */,
				5EA0B00000000000000000F4 /* LifeTrackShareTheme.swift in Sources */,
				5EA0B00000000000000000F5 /* ShareSheetView.swift in Sources */,
				5EA0B00000000000000000F1 /* SharedInboxPayload.swift in Sources */,
			);
			runOnlyForDeploymentPostprocessing = 0;
		};
		93B835712D2F4E029E57D956 /* Sources */ = {
			isa = PBXSourcesBuildPhase;
			buildActionMask = 2147483647;
			files = (
				5B27EE4A5F534790A118BA33 /* NotificationViewController.swift in Sources */,
				987C15AE045B4251AA6EF384 /* LifeTrackReminderNotificationView.swift in Sources */,
			);
			runOnlyForDeploymentPostprocessing = 0;
		};
/* End PBXSourcesBuildPhase section */

/* Begin PBXTargetDependency section */
		5BA3D3972F938AC100929A9A /* PBXTargetDependency */ = {
			isa = PBXTargetDependency;
			target = 5BA3D3852F938ABF00929A9A /* LifeTrack */;
			targetProxy = 5BA3D3962F938AC100929A9A /* PBXContainerItemProxy */;
		};
		5BA3D3A12F938AC100929A9A /* PBXTargetDependency */ = {
			isa = PBXTargetDependency;
			target = 5BA3D3852F938ABF00929A9A /* LifeTrack */;
			targetProxy = 5BA3D3A02F938AC100929A9A /* PBXContainerItemProxy */;
		};
		5BBB83D82F952016003B1E0B /* PBXTargetDependency */ = {
			isa = PBXTargetDependency;
			target = 5BBB83C22F952014003B1E0B /* LifeTrackControlWidgetExtension */;
			targetProxy = 5BBB83D72F952016003B1E0B /* PBXContainerItemProxy */;
		};
		5EA0C0000000000000000106 /* PBXTargetDependency */ = {
			isa = PBXTargetDependency;
			target = 5EA0C0000000000000000104 /* LifeTrackShareExtension */;
			targetProxy = 5EA0C0000000000000000105 /* PBXContainerItemProxy */;
		};
		E373C28E4E7C410FBF2B378A /* PBXTargetDependency */ = {
			isa = PBXTargetDependency;
			target = F00F6D0C8F48418983FD1820 /* LifeTrackNotificationContentExtension */;
			targetProxy = AE1E1159853A4132B0384822 /* PBXContainerItemProxy */;
		};
/* End PBXTargetDependency section */

/* Begin XCBuildConfiguration section */
		5BA3D3A72F938AC100929A9A /* Debug */ = {
			isa = XCBuildConfiguration;
			buildSettings = {
				ALWAYS_SEARCH_USER_PATHS = NO;
				ASSETCATALOG_COMPILER_GENERATE_SWIFT_ASSET_SYMBOL_EXTENSIONS = YES;
				CLANG_ANALYZER_NONNULL = YES;
				CLANG_ANALYZER_NUMBER_OBJECT_CONVERSION = YES_AGGRESSIVE;
				CLANG_CXX_LANGUAGE_STANDARD = "gnu++20";
				CLANG_ENABLE_MODULES = YES;
				CLANG_ENABLE_OBJC_ARC = YES;
				CLANG_ENABLE_OBJC_WEAK = YES;
				CLANG_WARN_BLOCK_CAPTURE_AUTORELEASING = YES;
				CLANG_WARN_BOOL_CONVERSION = YES;
				CLANG_WARN_COMMA = YES;
				CLANG_WARN_CONSTANT_CONVERSION = YES;
				CLANG_WARN_DEPRECATED_OBJC_IMPLEMENTATIONS = YES;
				CLANG_WARN_DIRECT_OBJC_ISA_USAGE = YES_ERROR;
				CLANG_WARN_DOCUMENTATION_COMMENTS = YES;
				CLANG_WARN_EMPTY_BODY = YES;
				CLANG_WARN_ENUM_CONVERSION = YES;
				CLANG_WARN_INFINITE_RECURSION = YES;
				CLANG_WARN_INT_CONVERSION = YES;
				CLANG_WARN_NON_LITERAL_NULL_CONVERSION = YES;
				CLANG_WARN_OBJC_IMPLICIT_RETAIN_SELF = YES;
				CLANG_WARN_OBJC_LITERAL_CONVERSION = YES;
				CLANG_WARN_OBJC_ROOT_CLASS = YES_ERROR;
				CLANG_WARN_QUOTED_INCLUDE_IN_FRAMEWORK_HEADER = YES;
				CLANG_WARN_RANGE_LOOP_ANALYSIS = YES;
				CLANG_WARN_STRICT_PROTOTYPES = YES;
				CLANG_WARN_SUSPICIOUS_MOVE = YES;
				CLANG_WARN_UNGUARDED_AVAILABILITY = YES_AGGRESSIVE;
				CLANG_WARN_UNREACHABLE_CODE = YES;
				CLANG_WARN__DUPLICATE_METHOD_MATCH = YES;
				COPY_PHASE_STRIP = NO;
				DEBUG_INFORMATION_FORMAT = dwarf;
				DEVELOPMENT_TEAM = B98QD8MH9U;
				ENABLE_STRICT_OBJC_MSGSEND = YES;
				ENABLE_TESTABILITY = YES;
				ENABLE_USER_SCRIPT_SANDBOXING = YES;
				GCC_C_LANGUAGE_STANDARD = gnu17;
				GCC_DYNAMIC_NO_PIC = NO;
				GCC_NO_COMMON_BLOCKS = YES;
				GCC_OPTIMIZATION_LEVEL = 0;
				GCC_PREPROCESSOR_DEFINITIONS = (
					"DEBUG=1",
					"$(inherited)",
				);
				GCC_WARN_64_TO_32_BIT_CONVERSION = YES;
				GCC_WARN_ABOUT_RETURN_TYPE = YES_ERROR;
				GCC_WARN_UNDECLARED_SELECTOR = YES;
				GCC_WARN_UNINITIALIZED_AUTOS = YES_AGGRESSIVE;
				GCC_WARN_UNUSED_FUNCTION = YES;
				GCC_WARN_UNUSED_VARIABLE = YES;
				IPHONEOS_DEPLOYMENT_TARGET = 26.2;
				LOCALIZATION_PREFERS_STRING_CATALOGS = YES;
				MTL_ENABLE_DEBUG_INFO = INCLUDE_SOURCE;
				MTL_FAST_MATH = YES;
				ONLY_ACTIVE_ARCH = YES;
				SDKROOT = iphoneos;
				SWIFT_ACTIVE_COMPILATION_CONDITIONS = "DEBUG $(inherited)";
				SWIFT_OPTIMIZATION_LEVEL = "-Onone";
			};
			name = Debug;
		};
		5BA3D3A82F938AC100929A9A /* Release */ = {
			isa = XCBuildConfiguration;
			buildSettings = {
				ALWAYS_SEARCH_USER_PATHS = NO;
				ASSETCATALOG_COMPILER_GENERATE_SWIFT_ASSET_SYMBOL_EXTENSIONS = YES;
				CLANG_ANALYZER_NONNULL = YES;
				CLANG_ANALYZER_NUMBER_OBJECT_CONVERSION = YES_AGGRESSIVE;
				CLANG_CXX_LANGUAGE_STANDARD = "gnu++20";
				CLANG_ENABLE_MODULES = YES;
				CLANG_ENABLE_OBJC_ARC = YES;
				CLANG_ENABLE_OBJC_WEAK = YES;
				CLANG_WARN_BLOCK_CAPTURE_AUTORELEASING = YES;
				CLANG_WARN_BOOL_CONVERSION = YES;
				CLANG_WARN_COMMA = YES;
				CLANG_WARN_CONSTANT_CONVERSION = YES;
				CLANG_WARN_DEPRECATED_OBJC_IMPLEMENTATIONS = YES;
				CLANG_WARN_DIRECT_OBJC_ISA_USAGE = YES_ERROR;
				CLANG_WARN_DOCUMENTATION_COMMENTS = YES;
				CLANG_WARN_EMPTY_BODY = YES;
				CLANG_WARN_ENUM_CONVERSION = YES;
				CLANG_WARN_INFINITE_RECURSION = YES;
				CLANG_WARN_INT_CONVERSION = YES;
				CLANG_WARN_NON_LITERAL_NULL_CONVERSION = YES;
				CLANG_WARN_OBJC_IMPLICIT_RETAIN_SELF = YES;
				CLANG_WARN_OBJC_LITERAL_CONVERSION = YES;
				CLANG_WARN_OBJC_ROOT_CLASS = YES_ERROR;
				CLANG_WARN_QUOTED_INCLUDE_IN_FRAMEWORK_HEADER = YES;
				CLANG_WARN_RANGE_LOOP_ANALYSIS = YES;
				CLANG_WARN_STRICT_PROTOTYPES = YES;
				CLANG_WARN_SUSPICIOUS_MOVE = YES;
				CLANG_WARN_UNGUARDED_AVAILABILITY = YES_AGGRESSIVE;
				CLANG_WARN_UNREACHABLE_CODE = YES;
				CLANG_WARN__DUPLICATE_METHOD_MATCH = YES;
				COPY_PHASE_STRIP = NO;
				DEBUG_INFORMATION_FORMAT = "dwarf-with-dsym";
				DEVELOPMENT_TEAM = B98QD8MH9U;
				ENABLE_NS_ASSERTIONS = NO;
				ENABLE_STRICT_OBJC_MSGSEND = YES;
				ENABLE_USER_SCRIPT_SANDBOXING = YES;
				GCC_C_LANGUAGE_STANDARD = gnu17;
				GCC_NO_COMMON_BLOCKS = YES;
				GCC_WARN_64_TO_32_BIT_CONVERSION = YES;
				GCC_WARN_ABOUT_RETURN_TYPE = YES_ERROR;
				GCC_WARN_UNDECLARED_SELECTOR = YES;
				GCC_WARN_UNINITIALIZED_AUTOS = YES_AGGRESSIVE;
				GCC_WARN_UNUSED_FUNCTION = YES;
				GCC_WARN_UNUSED_VARIABLE = YES;
				IPHONEOS_DEPLOYMENT_TARGET = 26.2;
				LOCALIZATION_PREFERS_STRING_CATALOGS = YES;
				MTL_ENABLE_DEBUG_INFO = NO;
				MTL_FAST_MATH = YES;
				SDKROOT = iphoneos;
				SWIFT_COMPILATION_MODE = wholemodule;
				VALIDATE_PRODUCT = YES;
			};
			name = Release;
		};
		5BA3D3AA2F938AC100929A9A /* Debug */ = {
			isa = XCBuildConfiguration;
			buildSettings = {
				ASSETCATALOG_COMPILER_APPICON_NAME = AppIcon;
				ASSETCATALOG_COMPILER_GLOBAL_ACCENT_COLOR_NAME = AccentColor;
				CODE_SIGN_ENTITLEMENTS = LifeTrack/LifeTrack.entitlements;
				CODE_SIGN_STYLE = Automatic;
				CURRENT_PROJECT_VERSION = 48;
				DEVELOPMENT_TEAM = B98QD8MH9U;
				ENABLE_PREVIEWS = YES;
				GENERATE_INFOPLIST_FILE = YES;
				INFOPLIST_KEY_ITSAppUsesNonExemptEncryption = NO;
				INFOPLIST_KEY_NSCameraUsageDescription = "LifeTrack uses the camera so you can scan a document and turn it into a task.";
				INFOPLIST_KEY_NSHealthShareUsageDescription = "LifeTrack reads your sleep and heart rate variability to surface the right tasks for your energy level today.";
				INFOPLIST_KEY_NSHealthUpdateUsageDescription = "LifeTrack may write health data to help you track wellness-related tasks.";
				INFOPLIST_KEY_NSLocationAlwaysAndWhenInUseUsageDescription = "LifeTrack uses your location to remind you of tasks when you arrive or leave a place.";
				INFOPLIST_KEY_NSLocationWhenInUseUsageDescription = "LifeTrack uses your location to remind you of tasks when you arrive or leave a place.";
				INFOPLIST_KEY_NSMicrophoneUsageDescription = "LifeTrack uses the microphone to create tasks from your voice.";
				INFOPLIST_KEY_NSPhotoLibraryUsageDescription = "LifeTrack lets you choose a profile photo for your local app avatar.";
				INFOPLIST_KEY_NSSpeechRecognitionUsageDescription = "LifeTrack uses speech recognition to transcribe spoken task details.";
				INFOPLIST_KEY_UIApplicationSceneManifest_Generation = YES;
				INFOPLIST_KEY_UIApplicationSupportsIndirectInputEvents = YES;
				INFOPLIST_KEY_UILaunchScreen_Generation = YES;
				INFOPLIST_KEY_UISupportedInterfaceOrientations_iPad = "UIInterfaceOrientationPortrait UIInterfaceOrientationPortraitUpsideDown UIInterfaceOrientationLandscapeLeft UIInterfaceOrientationLandscapeRight";
				INFOPLIST_KEY_UISupportedInterfaceOrientations_iPhone = "UIInterfaceOrientationPortrait UIInterfaceOrientationLandscapeLeft UIInterfaceOrientationLandscapeRight";
				LD_RUNPATH_SEARCH_PATHS = (
					"$(inherited)",
					"@executable_path/Frameworks",
				);
				MARKETING_VERSION = 1.0;
				PRODUCT_BUNDLE_IDENTIFIER = com.currenttech.LifeTrack;
				PRODUCT_NAME = "$(TARGET_NAME)";
				STRING_CATALOG_GENERATE_SYMBOLS = YES;
				SWIFT_APPROACHABLE_CONCURRENCY = YES;
				SWIFT_DEFAULT_ACTOR_ISOLATION = MainActor;
				SWIFT_EMIT_LOC_STRINGS = YES;
				SWIFT_UPCOMING_FEATURE_MEMBER_IMPORT_VISIBILITY = YES;
				SWIFT_VERSION = 5.0;
				TARGETED_DEVICE_FAMILY = "1,2";
			};
			name = Debug;
		};
		5BA3D3AB2F938AC100929A9A /* Release */ = {
			isa = XCBuildConfiguration;
			buildSettings = {
				ASSETCATALOG_COMPILER_APPICON_NAME = AppIcon;
				ASSETCATALOG_COMPILER_GLOBAL_ACCENT_COLOR_NAME = AccentColor;
				CODE_SIGN_ENTITLEMENTS = LifeTrack/LifeTrack.entitlements;
				CODE_SIGN_STYLE = Automatic;
				CURRENT_PROJECT_VERSION = 48;
				DEVELOPMENT_TEAM = B98QD8MH9U;
				ENABLE_PREVIEWS = YES;
				GENERATE_INFOPLIST_FILE = YES;
				INFOPLIST_KEY_ITSAppUsesNonExemptEncryption = NO;
				INFOPLIST_KEY_NSCameraUsageDescription = "LifeTrack uses the camera so you can scan a document and turn it into a task.";
				INFOPLIST_KEY_NSHealthShareUsageDescription = "LifeTrack reads your sleep and heart rate variability to surface the right tasks for your energy level today.";
				INFOPLIST_KEY_NSHealthUpdateUsageDescription = "LifeTrack may write health data to help you track wellness-related tasks.";
				INFOPLIST_KEY_NSLocationAlwaysAndWhenInUseUsageDescription = "LifeTrack uses your location to remind you of tasks when you arrive or leave a place.";
				INFOPLIST_KEY_NSLocationWhenInUseUsageDescription = "LifeTrack uses your location to remind you of tasks when you arrive or leave a place.";
				INFOPLIST_KEY_NSMicrophoneUsageDescription = "LifeTrack uses the microphone to create tasks from your voice.";
				INFOPLIST_KEY_NSPhotoLibraryUsageDescription = "LifeTrack lets you choose a profile photo for your local app avatar.";
				INFOPLIST_KEY_NSSpeechRecognitionUsageDescription = "LifeTrack uses speech recognition to transcribe spoken task details.";
				INFOPLIST_KEY_UIApplicationSceneManifest_Generation = YES;
				INFOPLIST_KEY_UIApplicationSupportsIndirectInputEvents = YES;
				INFOPLIST_KEY_UILaunchScreen_Generation = YES;
				INFOPLIST_KEY_UISupportedInterfaceOrientations_iPad = "UIInterfaceOrientationPortrait UIInterfaceOrientationPortraitUpsideDown UIInterfaceOrientationLandscapeLeft UIInterfaceOrientationLandscapeRight";
				INFOPLIST_KEY_UISupportedInterfaceOrientations_iPhone = "UIInterfaceOrientationPortrait UIInterfaceOrientationLandscapeLeft UIInterfaceOrientationLandscapeRight";
				LD_RUNPATH_SEARCH_PATHS = (
					"$(inherited)",
					"@executable_path/Frameworks",
				);
				MARKETING_VERSION = 1.0;
				PRODUCT_BUNDLE_IDENTIFIER = com.currenttech.LifeTrack;
				PRODUCT_NAME = "$(TARGET_NAME)";
				STRING_CATALOG_GENERATE_SYMBOLS = YES;
				SWIFT_APPROACHABLE_CONCURRENCY = YES;
				SWIFT_DEFAULT_ACTOR_ISOLATION = MainActor;
				SWIFT_EMIT_LOC_STRINGS = YES;
				SWIFT_UPCOMING_FEATURE_MEMBER_IMPORT_VISIBILITY = YES;
				SWIFT_VERSION = 5.0;
				TARGETED_DEVICE_FAMILY = "1,2";
			};
			name = Release;
		};
		5BA3D3AD2F938AC100929A9A /* Debug */ = {
			isa = XCBuildConfiguration;
			buildSettings = {
				BUNDLE_LOADER = "$(TEST_HOST)";
				CODE_SIGN_STYLE = Automatic;
				CURRENT_PROJECT_VERSION = 48;
				DEVELOPMENT_TEAM = B98QD8MH9U;
				GENERATE_INFOPLIST_FILE = YES;
				IPHONEOS_DEPLOYMENT_TARGET = 26.2;
				MARKETING_VERSION = 1.0;
				PRODUCT_BUNDLE_IDENTIFIER = com.currenttech.LifeTrackTests;
				PRODUCT_NAME = "$(TARGET_NAME)";
				STRING_CATALOG_GENERATE_SYMBOLS = NO;
				SWIFT_APPROACHABLE_CONCURRENCY = YES;
				SWIFT_EMIT_LOC_STRINGS = NO;
				SWIFT_UPCOMING_FEATURE_MEMBER_IMPORT_VISIBILITY = YES;
				SWIFT_VERSION = 5.0;
				TARGETED_DEVICE_FAMILY = "1,2";
				TEST_HOST = "$(BUILT_PRODUCTS_DIR)/LifeTrack.app/$(BUNDLE_EXECUTABLE_FOLDER_PATH)/LifeTrack";
			};
			name = Debug;
		};
		5BA3D3AE2F938AC100929A9A /* Release */ = {
			isa = XCBuildConfiguration;
			buildSettings = {
				BUNDLE_LOADER = "$(TEST_HOST)";
				CODE_SIGN_STYLE = Automatic;
				CURRENT_PROJECT_VERSION = 48;
				DEVELOPMENT_TEAM = B98QD8MH9U;
				GENERATE_INFOPLIST_FILE = YES;
				IPHONEOS_DEPLOYMENT_TARGET = 26.2;
				MARKETING_VERSION = 1.0;
				PRODUCT_BUNDLE_IDENTIFIER = com.currenttech.LifeTrackTests;
				PRODUCT_NAME = "$(TARGET_NAME)";
				STRING_CATALOG_GENERATE_SYMBOLS = NO;
				SWIFT_APPROACHABLE_CONCURRENCY = YES;
				SWIFT_EMIT_LOC_STRINGS = NO;
				SWIFT_UPCOMING_FEATURE_MEMBER_IMPORT_VISIBILITY = YES;
				SWIFT_VERSION = 5.0;
				TARGETED_DEVICE_FAMILY = "1,2";
				TEST_HOST = "$(BUILT_PRODUCTS_DIR)/LifeTrack.app/$(BUNDLE_EXECUTABLE_FOLDER_PATH)/LifeTrack";
			};
			name = Release;
		};
		5BA3D3B02F938AC100929A9A /* Debug */ = {
			isa = XCBuildConfiguration;
			buildSettings = {
				CODE_SIGN_STYLE = Automatic;
				CURRENT_PROJECT_VERSION = 48;
				DEVELOPMENT_TEAM = B98QD8MH9U;
				GENERATE_INFOPLIST_FILE = YES;
				MARKETING_VERSION = 1.0;
				PRODUCT_BUNDLE_IDENTIFIER = com.currenttech.LifeTrackUITests;
				PRODUCT_NAME = "$(TARGET_NAME)";
				STRING_CATALOG_GENERATE_SYMBOLS = NO;
				SWIFT_APPROACHABLE_CONCURRENCY = YES;
				SWIFT_EMIT_LOC_STRINGS = NO;
				SWIFT_UPCOMING_FEATURE_MEMBER_IMPORT_VISIBILITY = YES;
				SWIFT_VERSION = 5.0;
				TARGETED_DEVICE_FAMILY = "1,2";
				TEST_TARGET_NAME = LifeTrack;
			};
			name = Debug;
		};
		5BA3D3B12F938AC100929A9A /* Release */ = {
			isa = XCBuildConfiguration;
			buildSettings = {
				CODE_SIGN_STYLE = Automatic;
				CURRENT_PROJECT_VERSION = 48;
				DEVELOPMENT_TEAM = B98QD8MH9U;
				GENERATE_INFOPLIST_FILE = YES;
				MARKETING_VERSION = 1.0;
				PRODUCT_BUNDLE_IDENTIFIER = com.currenttech.LifeTrackUITests;
				PRODUCT_NAME = "$(TARGET_NAME)";
				STRING_CATALOG_GENERATE_SYMBOLS = NO;
				SWIFT_APPROACHABLE_CONCURRENCY = YES;
				SWIFT_EMIT_LOC_STRINGS = NO;
				SWIFT_UPCOMING_FEATURE_MEMBER_IMPORT_VISIBILITY = YES;
				SWIFT_VERSION = 5.0;
				TARGETED_DEVICE_FAMILY = "1,2";
				TEST_TARGET_NAME = LifeTrack;
			};
			name = Release;
		};
		5BBB83DC2F952016003B1E0B /* Debug */ = {
			isa = XCBuildConfiguration;
			buildSettings = {
				ASSETCATALOG_COMPILER_GLOBAL_ACCENT_COLOR_NAME = AccentColor;
				ASSETCATALOG_COMPILER_WIDGET_BACKGROUND_COLOR_NAME = WidgetBackground;
				CODE_SIGN_ENTITLEMENTS = LifeTrackControlWidgetExtension.entitlements;
				CODE_SIGN_STYLE = Automatic;
				CURRENT_PROJECT_VERSION = 48;
				DEVELOPMENT_TEAM = B98QD8MH9U;
				GENERATE_INFOPLIST_FILE = YES;
				INFOPLIST_FILE = LifeTrackControlWidget/Info.plist;
				INFOPLIST_KEY_CFBundleDisplayName = LifeTrackControlWidget;
				INFOPLIST_KEY_NSHumanReadableCopyright = "";
				LD_RUNPATH_SEARCH_PATHS = (
					"$(inherited)",
					"@executable_path/Frameworks",
					"@executable_path/../../Frameworks",
				);
				MARKETING_VERSION = 1.0;
				PRODUCT_BUNDLE_IDENTIFIER = com.currenttech.LifeTrack.LifeTrackControlWidget;
				PRODUCT_NAME = "$(TARGET_NAME)";
				SKIP_INSTALL = YES;
				STRING_CATALOG_GENERATE_SYMBOLS = YES;
				SWIFT_APPROACHABLE_CONCURRENCY = YES;
				SWIFT_EMIT_LOC_STRINGS = YES;
				SWIFT_UPCOMING_FEATURE_MEMBER_IMPORT_VISIBILITY = YES;
				SWIFT_VERSION = 5.0;
				TARGETED_DEVICE_FAMILY = "1,2";
			};
			name = Debug;
		};
		5BBB83DD2F952016003B1E0B /* Release */ = {
			isa = XCBuildConfiguration;
			buildSettings = {
				ASSETCATALOG_COMPILER_GLOBAL_ACCENT_COLOR_NAME = AccentColor;
				ASSETCATALOG_COMPILER_WIDGET_BACKGROUND_COLOR_NAME = WidgetBackground;
				CODE_SIGN_ENTITLEMENTS = LifeTrackControlWidgetExtension.entitlements;
				CODE_SIGN_STYLE = Automatic;
				CURRENT_PROJECT_VERSION = 48;
				DEVELOPMENT_TEAM = B98QD8MH9U;
				GENERATE_INFOPLIST_FILE = YES;
				INFOPLIST_FILE = LifeTrackControlWidget/Info.plist;
				INFOPLIST_KEY_CFBundleDisplayName = LifeTrackControlWidget;
				INFOPLIST_KEY_NSHumanReadableCopyright = "";
				LD_RUNPATH_SEARCH_PATHS = (
					"$(inherited)",
					"@executable_path/Frameworks",
					"@executable_path/../../Frameworks",
				);
				MARKETING_VERSION = 1.0;
				PRODUCT_BUNDLE_IDENTIFIER = com.currenttech.LifeTrack.LifeTrackControlWidget;
				PRODUCT_NAME = "$(TARGET_NAME)";
				SKIP_INSTALL = YES;
				STRING_CATALOG_GENERATE_SYMBOLS = YES;
				SWIFT_APPROACHABLE_CONCURRENCY = YES;
				SWIFT_EMIT_LOC_STRINGS = YES;
				SWIFT_UPCOMING_FEATURE_MEMBER_IMPORT_VISIBILITY = YES;
				SWIFT_VERSION = 5.0;
				TARGETED_DEVICE_FAMILY = "1,2";
			};
			name = Release;
		};
		5EA0C0000000000000000107 /* Debug */ = {
			isa = XCBuildConfiguration;
			buildSettings = {
				APPLICATION_EXTENSION_API_ONLY = YES;
				CODE_SIGN_ENTITLEMENTS = LifeTrackShareExtension/LifeTrackShareExtension.entitlements;
				CODE_SIGN_STYLE = Automatic;
				CURRENT_PROJECT_VERSION = 48;
				DEVELOPMENT_TEAM = B98QD8MH9U;
				GENERATE_INFOPLIST_FILE = NO;
				INFOPLIST_FILE = LifeTrackShareExtension/Info.plist;
				IPHONEOS_DEPLOYMENT_TARGET = 26.2;
				LD_RUNPATH_SEARCH_PATHS = (
					"$(inherited)",
					"@executable_path/Frameworks",
					"@executable_path/../../Frameworks",
				);
				MARKETING_VERSION = 1.0;
				PRODUCT_BUNDLE_IDENTIFIER = com.currenttech.LifeTrack.ShareExtension;
				PRODUCT_BUNDLE_PACKAGE_TYPE = "XPC!";
				PRODUCT_NAME = "$(TARGET_NAME)";
				SKIP_INSTALL = YES;
				STRING_CATALOG_GENERATE_SYMBOLS = YES;
				SWIFT_APPROACHABLE_CONCURRENCY = YES;
				SWIFT_DEFAULT_ACTOR_ISOLATION = MainActor;
				SWIFT_EMIT_LOC_STRINGS = YES;
				SWIFT_UPCOMING_FEATURE_MEMBER_IMPORT_VISIBILITY = YES;
				SWIFT_VERSION = 5.0;
				TARGETED_DEVICE_FAMILY = "1,2";
			};
			name = Debug;
		};
		5EA0C0000000000000000108 /* Release */ = {
			isa = XCBuildConfiguration;
			buildSettings = {
				APPLICATION_EXTENSION_API_ONLY = YES;
				CODE_SIGN_ENTITLEMENTS = LifeTrackShareExtension/LifeTrackShareExtension.entitlements;
				CODE_SIGN_STYLE = Automatic;
				CURRENT_PROJECT_VERSION = 48;
				DEVELOPMENT_TEAM = B98QD8MH9U;
				GENERATE_INFOPLIST_FILE = NO;
				INFOPLIST_FILE = LifeTrackShareExtension/Info.plist;
				IPHONEOS_DEPLOYMENT_TARGET = 26.2;
				LD_RUNPATH_SEARCH_PATHS = (
					"$(inherited)",
					"@executable_path/Frameworks",
					"@executable_path/../../Frameworks",
				);
				MARKETING_VERSION = 1.0;
				PRODUCT_BUNDLE_IDENTIFIER = com.currenttech.LifeTrack.ShareExtension;
				PRODUCT_BUNDLE_PACKAGE_TYPE = "XPC!";
				PRODUCT_NAME = "$(TARGET_NAME)";
				SKIP_INSTALL = YES;
				STRING_CATALOG_GENERATE_SYMBOLS = YES;
				SWIFT_APPROACHABLE_CONCURRENCY = YES;
				SWIFT_EMIT_LOC_STRINGS = YES;
				SWIFT_UPCOMING_FEATURE_MEMBER_IMPORT_VISIBILITY = YES;
				SWIFT_VERSION = 5.0;
				TARGETED_DEVICE_FAMILY = "1,2";
				VALIDATE_PRODUCT = YES;
			};
			name = Release;
		};
		8F22ED45DDB3496C97264621 /* Debug */ = {
			isa = XCBuildConfiguration;
			buildSettings = {
				APPLICATION_EXTENSION_API_ONLY = YES;
				CODE_SIGN_STYLE = Automatic;
				CURRENT_PROJECT_VERSION = 48;
				DEVELOPMENT_TEAM = B98QD8MH9U;
				GENERATE_INFOPLIST_FILE = NO;
				INFOPLIST_FILE = LifeTrackNotificationContentExtension/Info.plist;
				IPHONEOS_DEPLOYMENT_TARGET = 26.2;
				LD_RUNPATH_SEARCH_PATHS = (
					"$(inherited)",
					"@executable_path/Frameworks",
					"@executable_path/../../Frameworks",
				);
				MARKETING_VERSION = 1.0;
				PRODUCT_BUNDLE_IDENTIFIER = com.currenttech.LifeTrack.NotificationContentExtension;
				PRODUCT_BUNDLE_PACKAGE_TYPE = "XPC!";
				PRODUCT_NAME = "$(TARGET_NAME)";
				SKIP_INSTALL = YES;
				STRING_CATALOG_GENERATE_SYMBOLS = YES;
				SWIFT_APPROACHABLE_CONCURRENCY = YES;
				SWIFT_DEFAULT_ACTOR_ISOLATION = MainActor;
				SWIFT_EMIT_LOC_STRINGS = YES;
				SWIFT_UPCOMING_FEATURE_MEMBER_IMPORT_VISIBILITY = YES;
				SWIFT_VERSION = 5.0;
				TARGETED_DEVICE_FAMILY = "1,2";
			};
			name = Debug;
		};
		B713CB671AF0410AB88D7567 /* Release */ = {
			isa = XCBuildConfiguration;
			buildSettings = {
				APPLICATION_EXTENSION_API_ONLY = YES;
				CODE_SIGN_STYLE = Automatic;
				CURRENT_PROJECT_VERSION = 48;
				DEVELOPMENT_TEAM = B98QD8MH9U;
				GENERATE_INFOPLIST_FILE = NO;
				INFOPLIST_FILE = LifeTrackNotificationContentExtension/Info.plist;
				IPHONEOS_DEPLOYMENT_TARGET = 26.2;
				LD_RUNPATH_SEARCH_PATHS = (
					"$(inherited)",
					"@executable_path/Frameworks",
					"@executable_path/../../Frameworks",
				);
				MARKETING_VERSION = 1.0;
				PRODUCT_BUNDLE_IDENTIFIER = com.currenttech.LifeTrack.NotificationContentExtension;
				PRODUCT_BUNDLE_PACKAGE_TYPE = "XPC!";
				PRODUCT_NAME = "$(TARGET_NAME)";
				SKIP_INSTALL = YES;
				STRING_CATALOG_GENERATE_SYMBOLS = YES;
				SWIFT_APPROACHABLE_CONCURRENCY = YES;
				SWIFT_EMIT_LOC_STRINGS = YES;
				SWIFT_UPCOMING_FEATURE_MEMBER_IMPORT_VISIBILITY = YES;
				SWIFT_VERSION = 5.0;
				TARGETED_DEVICE_FAMILY = "1,2";
				VALIDATE_PRODUCT = YES;
			};
			name = Release;
		};
/* End XCBuildConfiguration section */

/* Begin XCConfigurationList section */
		5BA3D3812F938ABF00929A9A /* Build configuration list for PBXProject "LifeTrack" */ = {
			isa = XCConfigurationList;
			buildConfigurations = (
				5BA3D3A72F938AC100929A9A /* Debug */,
				5BA3D3A82F938AC100929A9A /* Release */,
			);
			defaultConfigurationIsVisible = 0;
			defaultConfigurationName = Release;
		};
		5BA3D3A92F938AC100929A9A /* Build configuration list for PBXNativeTarget "LifeTrack" */ = {
			isa = XCConfigurationList;
			buildConfigurations = (
				5BA3D3AA2F938AC100929A9A /* Debug */,
				5BA3D3AB2F938AC100929A9A /* Release */,
			);
			defaultConfigurationIsVisible = 0;
			defaultConfigurationName = Release;
		};
		5BA3D3AC2F938AC100929A9A /* Build configuration list for PBXNativeTarget "LifeTrackTests" */ = {
			isa = XCConfigurationList;
			buildConfigurations = (
				5BA3D3AD2F938AC100929A9A /* Debug */,
				5BA3D3AE2F938AC100929A9A /* Release */,
			);
			defaultConfigurationIsVisible = 0;
			defaultConfigurationName = Release;
		};
		5BA3D3AF2F938AC100929A9A /* Build configuration list for PBXNativeTarget "LifeTrackUITests" */ = {
			isa = XCConfigurationList;
			buildConfigurations = (
				5BA3D3B02F938AC100929A9A /* Debug */,
				5BA3D3B12F938AC100929A9A /* Release */,
			);
			defaultConfigurationIsVisible = 0;
			defaultConfigurationName = Release;
		};
		5BBB83DB2F952016003B1E0B /* Build configuration list for PBXNativeTarget "LifeTrackControlWidgetExtension" */ = {
			isa = XCConfigurationList;
			buildConfigurations = (
				5BBB83DC2F952016003B1E0B /* Debug */,
				5BBB83DD2F952016003B1E0B /* Release */,
			);
			defaultConfigurationIsVisible = 0;
			defaultConfigurationName = Release;
		};
		5EA0C0000000000000000109 /* Build configuration list for PBXNativeTarget "LifeTrackShareExtension" */ = {
			isa = XCConfigurationList;
			buildConfigurations = (
				5EA0C0000000000000000107 /* Debug */,
				5EA0C0000000000000000108 /* Release */,
			);
			defaultConfigurationIsVisible = 0;
			defaultConfigurationName = Release;
		};
		A56E92B9CD1C49C2A82DFEF2 /* Build configuration list for PBXNativeTarget "LifeTrackNotificationContentExtension" */ = {
			isa = XCConfigurationList;
			buildConfigurations = (
				8F22ED45DDB3496C97264621 /* Debug */,
				B713CB671AF0410AB88D7567 /* Release */,
			);
			defaultConfigurationIsVisible = 0;
			defaultConfigurationName = Release;
		};
/* End XCConfigurationList section */
	};
	rootObject = 5BA3D37E2F938ABF00929A9A /* Project object */;
}
